<?xml version="1.0" encoding="utf-8"?>
<Project ToolsVersion="4.0" xmlns="http://schemas.microsoft.com/developer/msbuild/2003">
  <ItemGroup>
    <ClCompile Include="App.cpp" />
    <ClCompile Include="pch.cpp" />
  </ItemGroup>
  <ItemGroup>
    <ClInclude Include="pch.h" />
  </ItemGroup>
  <ItemGroup>
    <Image Include="Assets\Logo.scale-100.png">
      <Filter>Package</Filter>
    </Image>
    <Image Include="Assets\SmallLogo.scale-100.png">
      <Filter>Package</Filter>
    </Image>
    <Image Include="Assets\SplashScreen.scale-100.png">
      <Filter>Package</Filter>
    </Image>
    <Image Include="Assets\StoreLogo.scale-100.png">
      <Filter>Package</Filter>
    </Image>
    <Image Include="Assets\WideLogo.scale-100.png">
      <Filter>Package</Filter>
    </Image>
  </ItemGroup>
  <ItemGroup>
    <Filter Include="Package">
      <UniqueIdentifier>{fbb9f13a-c689-4eac-bdf0-6313290af505}</UniqueIdentifier>
    </Filter>
  </ItemGroup>
  <ItemGroup>
    <AppxManifest Include="Package.appxmanifest">
      <Filter>Package</Filter>
    </AppxManifest>
  </ItemGroup>
  <ItemGroup>
    <None Include="Blocks_TemporaryKey.pfx">
      <Filter>Package</Filter>
    </None>
  </ItemGroup>
</Project>